
Microsoft Visual Studio Solution File, Format Version 12.00
# Visual Studio Version 16
VisualStudioVersion = 16.0.29318.209
MinimumVisualStudioVersion = 10.0.40219.1
Project("{9A19103F-16F7-4668-BE54-9A1E7A4F7556}") = "SitoLotto", "SitoLotto\SitoLotto.csproj", "{F756F02C-70CC-4F84-A0F1-C21FC32FC7F0}"
EndProject
Project("{9A19103F-16F7-4668-BE54-9A1E7A4F7556}") = "libraryLotto", "libraryLotto\libraryLotto.csproj", "{ED24860F-163E-40FF-A788-39A6FF0313A1}"
EndProject
Project("{2150E333-8FDC-42A3-9474-1A3956D46DE8}") = "Lotto", "Lotto", "{DF57FDB2-3B1B-4B5F-A774-5B4FD577B6B6}"
EndProject
Project("{9A19103F-16F7-4668-BE54-9A1E7A4F7556}") = "LottoUnitTest", "LottoUnitTest\LottoUnitTest.csproj", "{FD09AFFB-1CE8-4461-BF38-9BD1EC4A49DB}"
EndProject
Project("{2150E333-8FDC-42A3-9474-1A3956D46DE8}") = "Librerie generiche", "Librerie generiche", "{2D7C6FA0-7600-4FDE-8B88-02C00290D7EB}"
EndProject
Project("{9A19103F-16F7-4668-BE54-9A1E7A4F7556}") = "TestLibrerie", "TestLibrerie\TestLibrerie.csproj", "{50717EA0-43D8-49F8-BF46-800B232C9B2B}"
EndProject
Project("{2150E333-8FDC-42A3-9474-1A3956D46DE8}") = "Solution Items", "Solution Items", "{C40CE180-B8C8-47F5-9554-D8D14C3F3546}"
	ProjectSection(SolutionItems) = preProject
		.editorconfig = .editorconfig
	EndProjectSection
EndProject
Project("{9A19103F-16F7-4668-BE54-9A1E7A4F7556}") = "LbExcel", "LbExcel\LbExcel.csproj", "{0DDBF420-4A85-406F-9A52-64780304D34B}"
EndProject
Project("{FAE04EC0-301F-11D3-BF4B-00C04F79EFBC}") = "lbControlWebPages", "lbControlWebPages\lbControlWebPages.csproj", "{2435613D-A7B2-4941-8988-837B76A81BFC}"
EndProject
Global
	GlobalSection(SolutionConfigurationPlatforms) = preSolution
		Debug|Any CPU = Debug|Any CPU
		Debug|ARM = Debug|ARM
		Debug|ARM64 = Debug|ARM64
		Debug|x64 = Debug|x64
		Debug|x86 = Debug|x86
		Release|Any CPU = Release|Any CPU
		Release|ARM = Release|ARM
		Release|ARM64 = Release|ARM64
		Release|x64 = Release|x64
		Release|x86 = Release|x86
	EndGlobalSection
	GlobalSection(ProjectConfigurationPlatforms) = postSolution
		{F756F02C-70CC-4F84-A0F1-C21FC32FC7F0}.Debug|Any CPU.ActiveCfg = Debug|Any CPU
		{F756F02C-70CC-4F84-A0F1-C21FC32FC7F0}.Debug|Any CPU.Build.0 = Debug|Any CPU
		{F756F02C-70CC-4F84-A0F1-C21FC32FC7F0}.Debug|ARM.ActiveCfg = Debug|Any CPU
		{F756F02C-70CC-4F84-A0F1-C21FC32FC7F0}.Debug|ARM.Build.0 = Debug|Any CPU
		{F756F02C-70CC-4F84-A0F1-C21FC32FC7F0}.Debug|ARM64.ActiveCfg = Debug|Any CPU
		{F756F02C-70CC-4F84-A0F1-C21FC32FC7F0}.Debug|ARM64.Build.0 = Debug|Any CPU
		{F756F02C-70CC-4F84-A0F1-C21FC32FC7F0}.Debug|x64.ActiveCfg = Debug|Any CPU
		{F756F02C-70CC-4F84-A0F1-C21FC32FC7F0}.Debug|x64.Build.0 = Debug|Any CPU
		{F756F02C-70CC-4F84-A0F1-C21FC32FC7F0}.Debug|x86.ActiveCfg = Debug|Any CPU
		{F756F02C-70CC-4F84-A0F1-C21FC32FC7F0}.Debug|x86.Build.0 = Debug|Any CPU
		{F756F02C-70CC-4F84-A0F1-C21FC32FC7F0}.Release|Any CPU.ActiveCfg = Release|Any CPU
		{F756F02C-70CC-4F84-A0F1-C21FC32FC7F0}.Release|Any CPU.Build.0 = Release|Any CPU
		{F756F02C-70CC-4F84-A0F1-C21FC32FC7F0}.Release|ARM.ActiveCfg = Release|Any CPU
		{F756F02C-70CC-4F84-A0F1-C21FC32FC7F0}.Release|ARM.Build.0 = Release|Any CPU
		{F756F02C-70CC-4F84-A0F1-C21FC32FC7F0}.Release|ARM64.ActiveCfg = Release|Any CPU
		{F756F02C-70CC-4F84-A0F1-C21FC32FC7F0}.Release|ARM64.Build.0 = Release|Any CPU
		{F756F02C-70CC-4F84-A0F1-C21FC32FC7F0}.Release|x64.ActiveCfg = Release|Any CPU
		{F756F02C-70CC-4F84-A0F1-C21FC32FC7F0}.Release|x64.Build.0 = Release|Any CPU
		{F756F02C-70CC-4F84-A0F1-C21FC32FC7F0}.Release|x86.ActiveCfg = Release|Any CPU
		{F756F02C-70CC-4F84-A0F1-C21FC32FC7F0}.Release|x86.Build.0 = Release|Any CPU
		{ED24860F-163E-40FF-A788-39A6FF0313A1}.Debug|Any CPU.ActiveCfg = Debug|Any CPU
		{ED24860F-163E-40FF-A788-39A6FF0313A1}.Debug|Any CPU.Build.0 = Debug|Any CPU
		{ED24860F-163E-40FF-A788-39A6FF0313A1}.Debug|ARM.ActiveCfg = Debug|Any CPU
		{ED24860F-163E-40FF-A788-39A6FF0313A1}.Debug|ARM.Build.0 = Debug|Any CPU
		{ED24860F-163E-40FF-A788-39A6FF0313A1}.Debug|ARM64.ActiveCfg = Debug|Any CPU
		{ED24860F-163E-40FF-A788-39A6FF0313A1}.Debug|ARM64.Build.0 = Debug|Any CPU
		{ED24860F-163E-40FF-A788-39A6FF0313A1}.Debug|x64.ActiveCfg = Debug|Any CPU
		{ED24860F-163E-40FF-A788-39A6FF0313A1}.Debug|x64.Build.0 = Debug|Any CPU
		{ED24860F-163E-40FF-A788-39A6FF0313A1}.Debug|x86.ActiveCfg = Debug|Any CPU
		{ED24860F-163E-40FF-A788-39A6FF0313A1}.Debug|x86.Build.0 = Debug|Any CPU
		{ED24860F-163E-40FF-A788-39A6FF0313A1}.Release|Any CPU.ActiveCfg = Release|Any CPU
		{ED24860F-163E-40FF-A788-39A6FF0313A1}.Release|Any CPU.Build.0 = Release|Any CPU
		{ED24860F-163E-40FF-A788-39A6FF0313A1}.Release|ARM.ActiveCfg = Release|Any CPU
		{ED24860F-163E-40FF-A788-39A6FF0313A1}.Release|ARM.Build.0 = Release|Any CPU
		{ED24860F-163E-40FF-A788-39A6FF0313A1}.Release|ARM64.ActiveCfg = Release|Any CPU
		{ED24860F-163E-40FF-A788-39A6FF0313A1}.Release|ARM64.Build.0 = Release|Any CPU
		{ED24860F-163E-40FF-A788-39A6FF0313A1}.Release|x64.ActiveCfg = Release|Any CPU
		{ED24860F-163E-40FF-A788-39A6FF0313A1}.Release|x64.Build.0 = Release|Any CPU
		{ED24860F-163E-40FF-A788-39A6FF0313A1}.Release|x86.ActiveCfg = Release|Any CPU
		{ED24860F-163E-40FF-A788-39A6FF0313A1}.Release|x86.Build.0 = Release|Any CPU
		{FD09AFFB-1CE8-4461-BF38-9BD1EC4A49DB}.Debug|Any CPU.ActiveCfg = Debug|Any CPU
		{FD09AFFB-1CE8-4461-BF38-9BD1EC4A49DB}.Debug|Any CPU.Build.0 = Debug|Any CPU
		{FD09AFFB-1CE8-4461-BF38-9BD1EC4A49DB}.Debug|ARM.ActiveCfg = Debug|Any CPU
		{FD09AFFB-1CE8-4461-BF38-9BD1EC4A49DB}.Debug|ARM.Build.0 = Debug|Any CPU
		{FD09AFFB-1CE8-4461-BF38-9BD1EC4A49DB}.Debug|ARM64.ActiveCfg = Debug|Any CPU
		{FD09AFFB-1CE8-4461-BF38-9BD1EC4A49DB}.Debug|ARM64.Build.0 = Debug|Any CPU
		{FD09AFFB-1CE8-4461-BF38-9BD1EC4A49DB}.Debug|x64.ActiveCfg = Debug|Any CPU
		{FD09AFFB-1CE8-4461-BF38-9BD1EC4A49DB}.Debug|x64.Build.0 = Debug|Any CPU
		{FD09AFFB-1CE8-4461-BF38-9BD1EC4A49DB}.Debug|x86.ActiveCfg = Debug|Any CPU
		{FD09AFFB-1CE8-4461-BF38-9BD1EC4A49DB}.Debug|x86.Build.0 = Debug|Any CPU
		{FD09AFFB-1CE8-4461-BF38-9BD1EC4A49DB}.Release|Any CPU.ActiveCfg = Release|Any CPU
		{FD09AFFB-1CE8-4461-BF38-9BD1EC4A49DB}.Release|Any CPU.Build.0 = Release|Any CPU
		{FD09AFFB-1CE8-4461-BF38-9BD1EC4A49DB}.Release|ARM.ActiveCfg = Release|Any CPU
		{FD09AFFB-1CE8-4461-BF38-9BD1EC4A49DB}.Release|ARM.Build.0 = Release|Any CPU
		{FD09AFFB-1CE8-4461-BF38-9BD1EC4A49DB}.Release|ARM64.ActiveCfg = Release|Any CPU
		{FD09AFFB-1CE8-4461-BF38-9BD1EC4A49DB}.Release|ARM64.Build.0 = Release|Any CPU
		{FD09AFFB-1CE8-4461-BF38-9BD1EC4A49DB}.Release|x64.ActiveCfg = Release|Any CPU
		{FD09AFFB-1CE8-4461-BF38-9BD1EC4A49DB}.Release|x64.Build.0 = Release|Any CPU
		{FD09AFFB-1CE8-4461-BF38-9BD1EC4A49DB}.Release|x86.ActiveCfg = Release|Any CPU
		{FD09AFFB-1CE8-4461-BF38-9BD1EC4A49DB}.Release|x86.Build.0 = Release|Any CPU
		{50717EA0-43D8-49F8-BF46-800B232C9B2B}.Debug|Any CPU.ActiveCfg = Debug|Any CPU
		{50717EA0-43D8-49F8-BF46-800B232C9B2B}.Debug|Any CPU.Build.0 = Debug|Any CPU
		{50717EA0-43D8-49F8-BF46-800B232C9B2B}.Debug|ARM.ActiveCfg = Debug|Any CPU
		{50717EA0-43D8-49F8-BF46-800B232C9B2B}.Debug|ARM.Build.0 = Debug|Any CPU
		{50717EA0-43D8-49F8-BF46-800B232C9B2B}.Debug|ARM64.ActiveCfg = Debug|Any CPU
		{50717EA0-43D8-49F8-BF46-800B232C9B2B}.Debug|ARM64.Build.0 = Debug|Any CPU
		{50717EA0-43D8-49F8-BF46-800B232C9B2B}.Debug|x64.ActiveCfg = Debug|Any CPU
		{50717EA0-43D8-49F8-BF46-800B232C9B2B}.Debug|x64.Build.0 = Debug|Any CPU
		{50717EA0-43D8-49F8-BF46-800B232C9B2B}.Debug|x86.ActiveCfg = Debug|Any CPU
		{50717EA0-43D8-49F8-BF46-800B232C9B2B}.Debug|x86.Build.0 = Debug|Any CPU
		{50717EA0-43D8-49F8-BF46-800B232C9B2B}.Release|Any CPU.ActiveCfg = Release|Any CPU
		{50717EA0-43D8-49F8-BF46-800B232C9B2B}.Release|Any CPU.Build.0 = Release|Any CPU
		{50717EA0-43D8-49F8-BF46-800B232C9B2B}.Release|ARM.ActiveCfg = Release|Any CPU
		{50717EA0-43D8-49F8-BF46-800B232C9B2B}.Release|ARM.Build.0 = Release|Any CPU
		{50717EA0-43D8-49F8-BF46-800B232C9B2B}.Release|ARM64.ActiveCfg = Release|Any CPU
		{50717EA0-43D8-49F8-BF46-800B232C9B2B}.Release|ARM64.Build.0 = Release|Any CPU
		{50717EA0-43D8-49F8-BF46-800B232C9B2B}.Release|x64.ActiveCfg = Release|Any CPU
		{50717EA0-43D8-49F8-BF46-800B232C9B2B}.Release|x64.Build.0 = Release|Any CPU
		{50717EA0-43D8-49F8-BF46-800B232C9B2B}.Release|x86.ActiveCfg = Release|Any CPU
		{50717EA0-43D8-49F8-BF46-800B232C9B2B}.Release|x86.Build.0 = Release|Any CPU
		{0DDBF420-4A85-406F-9A52-64780304D34B}.Debug|Any CPU.ActiveCfg = Debug|Any CPU
		{0DDBF420-4A85-406F-9A52-64780304D34B}.Debug|Any CPU.Build.0 = Debug|Any CPU
		{0DDBF420-4A85-406F-9A52-64780304D34B}.Debug|ARM.ActiveCfg = Debug|Any CPU
		{0DDBF420-4A85-406F-9A52-64780304D34B}.Debug|ARM.Build.0 = Debug|Any CPU
		{0DDBF420-4A85-406F-9A52-64780304D34B}.Debug|ARM64.ActiveCfg = Debug|Any CPU
		{0DDBF420-4A85-406F-9A52-64780304D34B}.Debug|ARM64.Build.0 = Debug|Any CPU
		{0DDBF420-4A85-406F-9A52-64780304D34B}.Debug|x64.ActiveCfg = Debug|Any CPU
		{0DDBF420-4A85-406F-9A52-64780304D34B}.Debug|x64.Build.0 = Debug|Any CPU
		{0DDBF420-4A85-406F-9A52-64780304D34B}.Debug|x86.ActiveCfg = Debug|Any CPU
		{0DDBF420-4A85-406F-9A52-64780304D34B}.Debug|x86.Build.0 = Debug|Any CPU
		{0DDBF420-4A85-406F-9A52-64780304D34B}.Release|Any CPU.ActiveCfg = Release|Any CPU
		{0DDBF420-4A85-406F-9A52-64780304D34B}.Release|Any CPU.Build.0 = Release|Any CPU
		{0DDBF420-4A85-406F-9A52-64780304D34B}.Release|ARM.ActiveCfg = Release|Any CPU
		{0DDBF420-4A85-406F-9A52-64780304D34B}.Release|ARM.Build.0 = Release|Any CPU
		{0DDBF420-4A85-406F-9A52-64780304D34B}.Release|ARM64.ActiveCfg = Release|Any CPU
		{0DDBF420-4A85-406F-9A52-64780304D34B}.Release|ARM64.Build.0 = Release|Any CPU
		{0DDBF420-4A85-406F-9A52-64780304D34B}.Release|x64.ActiveCfg = Release|Any CPU
		{0DDBF420-4A85-406F-9A52-64780304D34B}.Release|x64.Build.0 = Release|Any CPU
		{0DDBF420-4A85-406F-9A52-64780304D34B}.Release|x86.ActiveCfg = Release|Any CPU
		{0DDBF420-4A85-406F-9A52-64780304D34B}.Release|x86.Build.0 = Release|Any CPU
		{2435613D-A7B2-4941-8988-837B76A81BFC}.Debug|Any CPU.ActiveCfg = Debug|Any CPU
		{2435613D-A7B2-4941-8988-837B76A81BFC}.Debug|Any CPU.Build.0 = Debug|Any CPU
		{2435613D-A7B2-4941-8988-837B76A81BFC}.Debug|ARM.ActiveCfg = Debug|Any CPU
		{2435613D-A7B2-4941-8988-837B76A81BFC}.Debug|ARM.Build.0 = Debug|Any CPU
		{2435613D-A7B2-4941-8988-837B76A81BFC}.Debug|ARM64.ActiveCfg = Debug|Any CPU
		{2435613D-A7B2-4941-8988-837B76A81BFC}.Debug|ARM64.Build.0 = Debug|Any CPU
		{2435613D-A7B2-4941-8988-837B76A81BFC}.Debug|x64.ActiveCfg = Debug|Any CPU
		{2435613D-A7B2-4941-8988-837B76A81BFC}.Debug|x64.Build.0 = Debug|Any CPU
		{2435613D-A7B2-4941-8988-837B76A81BFC}.Debug|x86.ActiveCfg = Debug|Any CPU
		{2435613D-A7B2-4941-8988-837B76A81BFC}.Debug|x86.Build.0 = Debug|Any CPU
		{2435613D-A7B2-4941-8988-837B76A81BFC}.Release|Any CPU.ActiveCfg = Release|Any CPU
		{2435613D-A7B2-4941-8988-837B76A81BFC}.Release|Any CPU.Build.0 = Release|Any CPU
		{2435613D-A7B2-4941-8988-837B76A81BFC}.Release|ARM.ActiveCfg = Release|Any CPU
		{2435613D-A7B2-4941-8988-837B76A81BFC}.Release|ARM.Build.0 = Release|Any CPU
		{2435613D-A7B2-4941-8988-837B76A81BFC}.Release|ARM64.ActiveCfg = Release|Any CPU
		{2435613D-A7B2-4941-8988-837B76A81BFC}.Release|ARM64.Build.0 = Release|Any CPU
		{2435613D-A7B2-4941-8988-837B76A81BFC}.Release|x64.ActiveCfg = Release|Any CPU
		{2435613D-A7B2-4941-8988-837B76A81BFC}.Release|x64.Build.0 = Release|Any CPU
		{2435613D-A7B2-4941-8988-837B76A81BFC}.Release|x86.ActiveCfg = Release|Any CPU
		{2435613D-A7B2-4941-8988-837B76A81BFC}.Release|x86.Build.0 = Release|Any CPU
	EndGlobalSection
	GlobalSection(SolutionProperties) = preSolution
		HideSolutionNode = FALSE
	EndGlobalSection
	GlobalSection(NestedProjects) = preSolution
		{F756F02C-70CC-4F84-A0F1-C21FC32FC7F0} = {DF57FDB2-3B1B-4B5F-A774-5B4FD577B6B6}
		{ED24860F-163E-40FF-A788-39A6FF0313A1} = {DF57FDB2-3B1B-4B5F-A774-5B4FD577B6B6}
		{FD09AFFB-1CE8-4461-BF38-9BD1EC4A49DB} = {DF57FDB2-3B1B-4B5F-A774-5B4FD577B6B6}
		{50717EA0-43D8-49F8-BF46-800B232C9B2B} = {2D7C6FA0-7600-4FDE-8B88-02C00290D7EB}
		{0DDBF420-4A85-406F-9A52-64780304D34B} = {2D7C6FA0-7600-4FDE-8B88-02C00290D7EB}
		{2435613D-A7B2-4941-8988-837B76A81BFC} = {2D7C6FA0-7600-4FDE-8B88-02C00290D7EB}
	EndGlobalSection
	GlobalSection(ExtensibilityGlobals) = postSolution
		SolutionGuid = {96C11B24-D7B7-4C87-B5A3-822F3DBCA4E5}
	EndGlobalSection
EndGlobal
