
Microsoft Visual Studio Solution File, Format Version 12.00
# Visual Studio Version 16
VisualStudioVersion = 16.0.29318.209
MinimumVisualStudioVersion = 10.0.40219.1
Project("{FAE04EC0-301F-11D3-BF4B-00C04F79EFBC}") = "batchLottoDownload", "batchLottoDownload\batchLottoDownload.csproj", "{0413D870-AE03-4D62-A196-F7099763594D}"
EndProject
Project("{FAE04EC0-301F-11D3-BF4B-00C04F79EFBC}") = "libraryLotto", "libraryLotto\libraryLotto.csproj", "{ED24860F-163E-40FF-A788-39A6FF0313A1}"
EndProject
Global
	GlobalSection(SolutionConfigurationPlatforms) = preSolution
		Debug|Any CPU = Debug|Any CPU
		Release|Any CPU = Release|Any CPU
	EndGlobalSection
	GlobalSection(ProjectConfigurationPlatforms) = postSolution
		{0413D870-AE03-4D62-A196-F7099763594D}.Debug|Any CPU.ActiveCfg = Debug|Any CPU
		{0413D870-AE03-4D62-A196-F7099763594D}.Debug|Any CPU.Build.0 = Debug|Any CPU
		{0413D870-AE03-4D62-A196-F7099763594D}.Release|Any CPU.ActiveCfg = Release|Any CPU
		{0413D870-AE03-4D62-A196-F7099763594D}.Release|Any CPU.Build.0 = Release|Any CPU
		{ED24860F-163E-40FF-A788-39A6FF0313A1}.Debug|Any CPU.ActiveCfg = Debug|Any CPU
		{ED24860F-163E-40FF-A788-39A6FF0313A1}.Debug|Any CPU.Build.0 = Debug|Any CPU
		{ED24860F-163E-40FF-A788-39A6FF0313A1}.Release|Any CPU.ActiveCfg = Release|Any CPU
		{ED24860F-163E-40FF-A788-39A6FF0313A1}.Release|Any CPU.Build.0 = Release|Any CPU
	EndGlobalSection
	GlobalSection(SolutionProperties) = preSolution
		HideSolutionNode = FALSE
	EndGlobalSection
	GlobalSection(ExtensibilityGlobals) = postSolution
		SolutionGuid = {96C11B24-D7B7-4C87-B5A3-822F3DBCA4E5}
	EndGlobalSection
EndGlobal
